
Microsoft Visual Studio Solution File, Format Version 12.00
# Visual Studio Version 17
VisualStudioVersion = 17.0.31912.275
MinimumVisualStudioVersion = 10.0.40219.1
Project("{FAE04EC0-301F-11D3-BF4B-00C04F79EFBC}") = "LocalizR.Common", "LocalizR.Common\LocalizR.Common.csproj", "{074BDA54-B641-4304-96C9-FD051D88BA05}"
EndProject
Project("{FAE04EC0-301F-11D3-BF4B-00C04F79EFBC}") = "LocalizR.Common.Tests", "LocalizR.Common.Tests\LocalizR.Common.Tests.csproj", "{21C0C5AF-BF65-4F02-851F-CF456941AF8B}"
EndProject
Global
	GlobalSection(SolutionConfigurationPlatforms) = preSolution
		Debug|Any CPU = Debug|Any CPU
		Release|Any CPU = Release|Any CPU
	EndGlobalSection
	GlobalSection(ProjectConfigurationPlatforms) = postSolution
		{074BDA54-B641-4304-96C9-FD051D88BA05}.Debug|Any CPU.ActiveCfg = Debug|Any CPU
		{074BDA54-B641-4304-96C9-FD051D88BA05}.Debug|Any CPU.Build.0 = Debug|Any CPU
		{074BDA54-B641-4304-96C9-FD051D88BA05}.Release|Any CPU.ActiveCfg = Release|Any CPU
		{074BDA54-B641-4304-96C9-FD051D88BA05}.Release|Any CPU.Build.0 = Release|Any CPU
		{21C0C5AF-BF65-4F02-851F-CF456941AF8B}.Debug|Any CPU.ActiveCfg = Debug|Any CPU
		{21C0C5AF-BF65-4F02-851F-CF456941AF8B}.Debug|Any CPU.Build.0 = Debug|Any CPU
		{21C0C5AF-BF65-4F02-851F-CF456941AF8B}.Release|Any CPU.ActiveCfg = Release|Any CPU
		{21C0C5AF-BF65-4F02-851F-CF456941AF8B}.Release|Any CPU.Build.0 = Release|Any CPU
	EndGlobalSection
	GlobalSection(SolutionProperties) = preSolution
		HideSolutionNode = FALSE
	EndGlobalSection
	GlobalSection(ExtensibilityGlobals) = postSolution
		SolutionGuid = {E9E4562D-AB2E-48AD-8B0D-46CC2CE2A44C}
	EndGlobalSection
EndGlobal
